
Microsoft Visual Studio Solution File, Format Version 12.00
# Visual Studio Version 17
VisualStudioVersion = 17.8.34330.188
MinimumVisualStudioVersion = 10.0.40219.1
Project("{FAE04EC0-301F-11D3-BF4B-00C04F79EFBC}") = "ClientManagement", "ClientManagement\ClientManagement.csproj", "{E1D69E06-9D9C-478C-8A81-82EB52CA724E}"
EndProject
Global
	GlobalSection(SolutionConfigurationPlatforms) = preSolution
		Debug|Any CPU = Debug|Any CPU
		Release|Any CPU = Release|Any CPU
	EndGlobalSection
	GlobalSection(ProjectConfigurationPlatforms) = postSolution
		{E1D69E06-9D9C-478C-8A81-82EB52CA724E}.Debug|Any CPU.ActiveCfg = Debug|Any CPU
		{E1D69E06-9D9C-478C-8A81-82EB52CA724E}.Debug|Any CPU.Build.0 = Debug|Any CPU
		{E1D69E06-9D9C-478C-8A81-82EB52CA724E}.Release|Any CPU.ActiveCfg = Release|Any CPU
		{E1D69E06-9D9C-478C-8A81-82EB52CA724E}.Release|Any CPU.Build.0 = Release|Any CPU
	EndGlobalSection
	GlobalSection(SolutionProperties) = preSolution
		HideSolutionNode = FALSE
	EndGlobalSection
	GlobalSection(ExtensibilityGlobals) = postSolution
		SolutionGuid = {7600CF77-0BA2-4EEB-8951-3912EDE561B7}
	EndGlobalSection
EndGlobal
